
Microsoft Visual Studio Solution File, Format Version 12.00
# Visual Studio Version 17
VisualStudioVersion = 17.3.32929.385
MinimumVisualStudioVersion = 10.0.40219.1
Project("{FAE04EC0-301F-11D3-BF4B-00C04F79EFBC}") = "BootLoaderHelper", "BootLoaderHelper\BootLoaderHelper.csproj", "{DE552FA3-D89F-4738-92C7-5633576D4C22}"
EndProject
Project("{FAE04EC0-301F-11D3-BF4B-00C04F79EFBC}") = "JSerialPort", "JSerialPort\JSerialPort.csproj", "{C5038FE7-9B6D-4226-9A8F-6C2DFF717A12}"
EndProject
Project("{FAE04EC0-301F-11D3-BF4B-00C04F79EFBC}") = "ZEHOU.PM.Label.SerialPort", "ZEHOU.PM.Label.SerialPort\ZEHOU.PM.Label.SerialPort.csproj", "{1175F3C8-3FC2-4D20-B172-947F5180086D}"
EndProject
Global
	GlobalSection(SolutionConfigurationPlatforms) = preSolution
		Debug|Any CPU = Debug|Any CPU
		Release|Any CPU = Release|Any CPU
	EndGlobalSection
	GlobalSection(ProjectConfigurationPlatforms) = postSolution
		{DE552FA3-D89F-4738-92C7-5633576D4C22}.Debug|Any CPU.ActiveCfg = Debug|Any CPU
		{DE552FA3-D89F-4738-92C7-5633576D4C22}.Debug|Any CPU.Build.0 = Debug|Any CPU
		{DE552FA3-D89F-4738-92C7-5633576D4C22}.Release|Any CPU.ActiveCfg = Release|Any CPU
		{DE552FA3-D89F-4738-92C7-5633576D4C22}.Release|Any CPU.Build.0 = Release|Any CPU
		{C5038FE7-9B6D-4226-9A8F-6C2DFF717A12}.Debug|Any CPU.ActiveCfg = Debug|Any CPU
		{C5038FE7-9B6D-4226-9A8F-6C2DFF717A12}.Debug|Any CPU.Build.0 = Debug|Any CPU
		{C5038FE7-9B6D-4226-9A8F-6C2DFF717A12}.Release|Any CPU.ActiveCfg = Release|Any CPU
		{C5038FE7-9B6D-4226-9A8F-6C2DFF717A12}.Release|Any CPU.Build.0 = Release|Any CPU
		{1175F3C8-3FC2-4D20-B172-947F5180086D}.Debug|Any CPU.ActiveCfg = Debug|Any CPU
		{1175F3C8-3FC2-4D20-B172-947F5180086D}.Debug|Any CPU.Build.0 = Debug|Any CPU
		{1175F3C8-3FC2-4D20-B172-947F5180086D}.Release|Any CPU.ActiveCfg = Release|Any CPU
		{1175F3C8-3FC2-4D20-B172-947F5180086D}.Release|Any CPU.Build.0 = Release|Any CPU
	EndGlobalSection
	GlobalSection(SolutionProperties) = preSolution
		HideSolutionNode = FALSE
	EndGlobalSection
	GlobalSection(ExtensibilityGlobals) = postSolution
		SolutionGuid = {6C133ACF-5A60-43E0-A9F7-528018C85A35}
	EndGlobalSection
EndGlobal
