
Microsoft Visual Studio Solution File, Format Version 12.00
# Visual Studio Version 17
VisualStudioVersion = 17.2.32602.215
MinimumVisualStudioVersion = 10.0.40219.1
Project("{FAE04EC0-301F-11D3-BF4B-00C04F79EFBC}") = "NucleicAcidPickStatistics", "NucleicAcidPickStatistics\NucleicAcidPickStatistics.csproj", "{CE6A442E-9822-4998-A024-51A5928811CD}"
EndProject
Project("{FAE04EC0-301F-11D3-BF4B-00C04F79EFBC}") = "ZEHOU.PM.DB.dbLabelMid", "ZEHOU.PM.DB.dbLabelMid\ZEHOU.PM.DB.dbLabelMid.csproj", "{E0783BF5-9915-4566-B67C-90295EE892EE}"
EndProject
Project("{FAE04EC0-301F-11D3-BF4B-00C04F79EFBC}") = "ZEHOU.PM.DB.dbLabelInfo", "ZEHOU.PM.DB.dbLabelInfo\ZEHOU.PM.DB.dbLabelInfo.csproj", "{5A141A35-5FC6-4C44-B28F-6BFC0C3B1030}"
EndProject
Project("{FAE04EC0-301F-11D3-BF4B-00C04F79EFBC}") = "ZEHOU.PM.Bll", "ZEHOU.PM.Bll\ZEHOU.PM.Bll.csproj", "{D04AE38A-8304-4977-9841-AEBA8D2DB443}"
EndProject
Project("{FAE04EC0-301F-11D3-BF4B-00C04F79EFBC}") = "ZEHOU.PM.Command", "ZEHOU.PM.Command\ZEHOU.PM.Command.csproj", "{6B07DC3F-0AD3-4021-A6E4-9EC26D665241}"
EndProject
Project("{FAE04EC0-301F-11D3-BF4B-00C04F79EFBC}") = "ZEHOU.PM.Config", "ZEHOU.PM.Config\ZEHOU.PM.Config.csproj", "{28329BEA-1D0F-47DC-A943-C061EE9444E3}"
EndProject
Global
	GlobalSection(SolutionConfigurationPlatforms) = preSolution
		Debug|Any CPU = Debug|Any CPU
		Release|Any CPU = Release|Any CPU
	EndGlobalSection
	GlobalSection(ProjectConfigurationPlatforms) = postSolution
		{CE6A442E-9822-4998-A024-51A5928811CD}.Debug|Any CPU.ActiveCfg = Debug|Any CPU
		{CE6A442E-9822-4998-A024-51A5928811CD}.Debug|Any CPU.Build.0 = Debug|Any CPU
		{CE6A442E-9822-4998-A024-51A5928811CD}.Release|Any CPU.ActiveCfg = Release|Any CPU
		{CE6A442E-9822-4998-A024-51A5928811CD}.Release|Any CPU.Build.0 = Release|Any CPU
		{E0783BF5-9915-4566-B67C-90295EE892EE}.Debug|Any CPU.ActiveCfg = Debug|Any CPU
		{E0783BF5-9915-4566-B67C-90295EE892EE}.Debug|Any CPU.Build.0 = Debug|Any CPU
		{E0783BF5-9915-4566-B67C-90295EE892EE}.Release|Any CPU.ActiveCfg = Release|Any CPU
		{E0783BF5-9915-4566-B67C-90295EE892EE}.Release|Any CPU.Build.0 = Release|Any CPU
		{5A141A35-5FC6-4C44-B28F-6BFC0C3B1030}.Debug|Any CPU.ActiveCfg = Debug|Any CPU
		{5A141A35-5FC6-4C44-B28F-6BFC0C3B1030}.Debug|Any CPU.Build.0 = Debug|Any CPU
		{5A141A35-5FC6-4C44-B28F-6BFC0C3B1030}.Release|Any CPU.ActiveCfg = Release|Any CPU
		{5A141A35-5FC6-4C44-B28F-6BFC0C3B1030}.Release|Any CPU.Build.0 = Release|Any CPU
		{D04AE38A-8304-4977-9841-AEBA8D2DB443}.Debug|Any CPU.ActiveCfg = Debug|Any CPU
		{D04AE38A-8304-4977-9841-AEBA8D2DB443}.Debug|Any CPU.Build.0 = Debug|Any CPU
		{D04AE38A-8304-4977-9841-AEBA8D2DB443}.Release|Any CPU.ActiveCfg = Release|Any CPU
		{D04AE38A-8304-4977-9841-AEBA8D2DB443}.Release|Any CPU.Build.0 = Release|Any CPU
		{6B07DC3F-0AD3-4021-A6E4-9EC26D665241}.Debug|Any CPU.ActiveCfg = Debug|Any CPU
		{6B07DC3F-0AD3-4021-A6E4-9EC26D665241}.Debug|Any CPU.Build.0 = Debug|Any CPU
		{6B07DC3F-0AD3-4021-A6E4-9EC26D665241}.Release|Any CPU.ActiveCfg = Release|Any CPU
		{6B07DC3F-0AD3-4021-A6E4-9EC26D665241}.Release|Any CPU.Build.0 = Release|Any CPU
		{28329BEA-1D0F-47DC-A943-C061EE9444E3}.Debug|Any CPU.ActiveCfg = Debug|Any CPU
		{28329BEA-1D0F-47DC-A943-C061EE9444E3}.Debug|Any CPU.Build.0 = Debug|Any CPU
		{28329BEA-1D0F-47DC-A943-C061EE9444E3}.Release|Any CPU.ActiveCfg = Release|Any CPU
		{28329BEA-1D0F-47DC-A943-C061EE9444E3}.Release|Any CPU.Build.0 = Release|Any CPU
	EndGlobalSection
	GlobalSection(SolutionProperties) = preSolution
		HideSolutionNode = FALSE
	EndGlobalSection
	GlobalSection(ExtensibilityGlobals) = postSolution
		SolutionGuid = {79D7809B-1223-4D67-87E6-01DDD8E2C728}
	EndGlobalSection
EndGlobal
